
Microsoft Visual Studio Solution File, Format Version 12.00
# Visual Studio Version 16
VisualStudioVersion = 16.0.31729.503
MinimumVisualStudioVersion = 10.0.40219.1
Project("{FAE04EC0-301F-11D3-BF4B-00C04F79EFBC}") = "Cap04T3P2N", "Cap04T3P2N\Cap04T3P2N.csproj", "{A038AC51-5FB2-4A2F-A60F-F401BE2401C7}"
EndProject
Global
	GlobalSection(SolutionConfigurationPlatforms) = preSolution
		Debug|Any CPU = Debug|Any CPU
		Release|Any CPU = Release|Any CPU
	EndGlobalSection
	GlobalSection(ProjectConfigurationPlatforms) = postSolution
		{A038AC51-5FB2-4A2F-A60F-F401BE2401C7}.Debug|Any CPU.ActiveCfg = Debug|Any CPU
		{A038AC51-5FB2-4A2F-A60F-F401BE2401C7}.Debug|Any CPU.Build.0 = Debug|Any CPU
		{A038AC51-5FB2-4A2F-A60F-F401BE2401C7}.Release|Any CPU.ActiveCfg = Release|Any CPU
		{A038AC51-5FB2-4A2F-A60F-F401BE2401C7}.Release|Any CPU.Build.0 = Release|Any CPU
	EndGlobalSection
	GlobalSection(SolutionProperties) = preSolution
		HideSolutionNode = FALSE
	EndGlobalSection
	GlobalSection(ExtensibilityGlobals) = postSolution
		SolutionGuid = {62A2F9A5-3EB6-46AB-910B-9C32DAB61687}
	EndGlobalSection
EndGlobal
